
Microsoft Visual Studio Solution File, Format Version 12.00
# Visual Studio Version 17
VisualStudioVersion = 17.3.32929.385
MinimumVisualStudioVersion = 10.0.40219.1
Project("{9A19103F-16F7-4668-BE54-9A1E7A4F7556}") = "exercice 6.1", "exercice 6.1.csproj", "{460E6751-6C6D-4709-94EC-CAF90EE42985}"
EndProject
Project("{FAE04EC0-301F-11D3-BF4B-00C04F79EFBC}") = "Exercice 6.3", "..\Exercice 6.3\Exercice 6.3.csproj", "{3F121EF1-06A6-40E6-8701-B8E689EDF8B1}"
EndProject
Global
	GlobalSection(SolutionConfigurationPlatforms) = preSolution
		Debug|Any CPU = Debug|Any CPU
		Release|Any CPU = Release|Any CPU
	EndGlobalSection
	GlobalSection(ProjectConfigurationPlatforms) = postSolution
		{460E6751-6C6D-4709-94EC-CAF90EE42985}.Debug|Any CPU.ActiveCfg = Debug|Any CPU
		{460E6751-6C6D-4709-94EC-CAF90EE42985}.Debug|Any CPU.Build.0 = Debug|Any CPU
		{460E6751-6C6D-4709-94EC-CAF90EE42985}.Release|Any CPU.ActiveCfg = Release|Any CPU
		{460E6751-6C6D-4709-94EC-CAF90EE42985}.Release|Any CPU.Build.0 = Release|Any CPU
		{3F121EF1-06A6-40E6-8701-B8E689EDF8B1}.Debug|Any CPU.ActiveCfg = Debug|Any CPU
		{3F121EF1-06A6-40E6-8701-B8E689EDF8B1}.Debug|Any CPU.Build.0 = Debug|Any CPU
		{3F121EF1-06A6-40E6-8701-B8E689EDF8B1}.Release|Any CPU.ActiveCfg = Release|Any CPU
		{3F121EF1-06A6-40E6-8701-B8E689EDF8B1}.Release|Any CPU.Build.0 = Release|Any CPU
	EndGlobalSection
	GlobalSection(SolutionProperties) = preSolution
		HideSolutionNode = FALSE
	EndGlobalSection
	GlobalSection(ExtensibilityGlobals) = postSolution
		SolutionGuid = {74756F26-953F-4E9A-814A-3CF6A043BF76}
	EndGlobalSection
EndGlobal
