
Microsoft Visual Studio Solution File, Format Version 12.00
# Visual Studio Version 16
VisualStudioVersion = 25.0.1705.4
MinimumVisualStudioVersion = 10.0.40219.1
Project("{FAE04EC0-301F-11D3-BF4B-00C04F79EFBC}") = "Exercice4.1", "Exercice4.1.csproj", "{6BFDC7AA-D9FE-4144-86BB-0E4A4CF6FD56}"
EndProject
Global
	GlobalSection(SolutionConfigurationPlatforms) = preSolution
		Debug|Any CPU = Debug|Any CPU
		Release|Any CPU = Release|Any CPU
	EndGlobalSection
	GlobalSection(ProjectConfigurationPlatforms) = postSolution
		{6BFDC7AA-D9FE-4144-86BB-0E4A4CF6FD56}.Debug|Any CPU.ActiveCfg = Debug|Any CPU
		{6BFDC7AA-D9FE-4144-86BB-0E4A4CF6FD56}.Debug|Any CPU.Build.0 = Debug|Any CPU
		{6BFDC7AA-D9FE-4144-86BB-0E4A4CF6FD56}.Release|Any CPU.ActiveCfg = Release|Any CPU
		{6BFDC7AA-D9FE-4144-86BB-0E4A4CF6FD56}.Release|Any CPU.Build.0 = Release|Any CPU
	EndGlobalSection
	GlobalSection(SolutionProperties) = preSolution
		HideSolutionNode = FALSE
	EndGlobalSection
	GlobalSection(ExtensibilityGlobals) = postSolution
		SolutionGuid = {9D2135D2-6323-4AED-AF32-DC840978F804}
	EndGlobalSection
EndGlobal
