
Microsoft Visual Studio Solution File, Format Version 12.00
# Visual Studio Version 17
VisualStudioVersion = 17.3.32929.385
MinimumVisualStudioVersion = 10.0.40219.1
Project("{9A19103F-16F7-4668-BE54-9A1E7A4F7556}") = "Methamorphose", "Methamorphose\Methamorphose.csproj", "{63701EEF-58B3-4DE6-9998-CB7582E82F8A}"
EndProject
Project("{9A19103F-16F7-4668-BE54-9A1E7A4F7556}") = "ClassLibraryLepidoptere", "ClassLibraryLepidoptere\ClassLibraryLepidoptere.csproj", "{D231286C-DB82-4DF1-8820-A3CD98620953}"
EndProject
Project("{FAE04EC0-301F-11D3-BF4B-00C04F79EFBC}") = "ClassLibrarySerre", "ClassLibrarySerre\ClassLibrarySerre.csproj", "{14E8D901-050E-408D-97F5-65DA10D328E7}"
EndProject
Global
	GlobalSection(SolutionConfigurationPlatforms) = preSolution
		Debug|Any CPU = Debug|Any CPU
		Release|Any CPU = Release|Any CPU
	EndGlobalSection
	GlobalSection(ProjectConfigurationPlatforms) = postSolution
		{63701EEF-58B3-4DE6-9998-CB7582E82F8A}.Debug|Any CPU.ActiveCfg = Debug|Any CPU
		{63701EEF-58B3-4DE6-9998-CB7582E82F8A}.Debug|Any CPU.Build.0 = Debug|Any CPU
		{63701EEF-58B3-4DE6-9998-CB7582E82F8A}.Release|Any CPU.ActiveCfg = Release|Any CPU
		{63701EEF-58B3-4DE6-9998-CB7582E82F8A}.Release|Any CPU.Build.0 = Release|Any CPU
		{D231286C-DB82-4DF1-8820-A3CD98620953}.Debug|Any CPU.ActiveCfg = Debug|Any CPU
		{D231286C-DB82-4DF1-8820-A3CD98620953}.Debug|Any CPU.Build.0 = Debug|Any CPU
		{D231286C-DB82-4DF1-8820-A3CD98620953}.Release|Any CPU.ActiveCfg = Release|Any CPU
		{D231286C-DB82-4DF1-8820-A3CD98620953}.Release|Any CPU.Build.0 = Release|Any CPU
		{14E8D901-050E-408D-97F5-65DA10D328E7}.Debug|Any CPU.ActiveCfg = Debug|Any CPU
		{14E8D901-050E-408D-97F5-65DA10D328E7}.Debug|Any CPU.Build.0 = Debug|Any CPU
		{14E8D901-050E-408D-97F5-65DA10D328E7}.Release|Any CPU.ActiveCfg = Release|Any CPU
		{14E8D901-050E-408D-97F5-65DA10D328E7}.Release|Any CPU.Build.0 = Release|Any CPU
	EndGlobalSection
	GlobalSection(SolutionProperties) = preSolution
		HideSolutionNode = FALSE
	EndGlobalSection
	GlobalSection(ExtensibilityGlobals) = postSolution
		SolutionGuid = {4D238235-7173-41C1-B747-D0E0E257D05F}
	EndGlobalSection
EndGlobal
